
Microsoft Visual Studio Solution File, Format Version 12.00
# Visual Studio 15
VisualStudioVersion = 15.0.27703.2047
MinimumVisualStudioVersion = 10.0.40219.1
Project("{FAE04EC0-301F-11D3-BF4B-00C04F79EFBC}") = "FunnyMoney.Android", "FunnyMoney\FunnyMoney.Android\FunnyMoney.Android.csproj", "{FFE2C162-26A1-4B1C-9452-0FC82E6B4757}"
EndProject
Project("{9A19103F-16F7-4668-BE54-9A1E7A4F7556}") = "FunnyMoney", "FunnyMoney\FunnyMoney\FunnyMoney.csproj", "{2B3DECE5-DF95-4309-816E-635C41D8BFBD}"
EndProject
Project("{FAE04EC0-301F-11D3-BF4B-00C04F79EFBC}") = "XMRN.Android.Common", "XMRN.Android.Common\XMRN.Android.Common.csproj", "{235500A0-3849-43C3-B24D-616F69CA9063}"
EndProject
Project("{9A19103F-16F7-4668-BE54-9A1E7A4F7556}") = "XMRN.Common", "XMRN.Common\XMRN.Common.csproj", "{B7CE64C7-310E-4B69-A964-591547C701D7}"
EndProject
Project("{FAE04EC0-301F-11D3-BF4B-00C04F79EFBC}") = "XMRN.Common.Tests", "XMRN.Common.Tests\XMRN.Common.Tests.csproj", "{C6460284-EC1E-4FB2-8686-CAEED663F7BE}"
EndProject
Project("{FAE04EC0-301F-11D3-BF4B-00C04F79EFBC}") = "XMRN.Tests", "XMRN.Tests\XMRN.Tests.csproj", "{3CBA76AB-C9C1-4322-A516-D33C25D34C86}"
EndProject
Project("{FAE04EC0-301F-11D3-BF4B-00C04F79EFBC}") = "FunnyMoney.Common", "FunnyMoney.Common\FunnyMoney.Common.csproj", "{AA44B039-982F-439A-A2A6-CD601D218882}"
EndProject
Project("{FAE04EC0-301F-11D3-BF4B-00C04F79EFBC}") = "FunnyMoney.SBER", "FunnyMoney.SBER\FunnyMoney.SBER.csproj", "{1987C3D0-EC28-4C2E-9391-6377305CBD1A}"
EndProject
Project("{FAE04EC0-301F-11D3-BF4B-00C04F79EFBC}") = "XMRN.Phone", "XMRN.Phone\XMRN.Phone.csproj", "{CC02A15A-0C3E-4D77-923B-C4999ADA5A55}"
EndProject
Global
	GlobalSection(SolutionConfigurationPlatforms) = preSolution
		Debug|Any CPU = Debug|Any CPU
		Release|Any CPU = Release|Any CPU
	EndGlobalSection
	GlobalSection(ProjectConfigurationPlatforms) = postSolution
		{FFE2C162-26A1-4B1C-9452-0FC82E6B4757}.Debug|Any CPU.ActiveCfg = Debug|Any CPU
		{FFE2C162-26A1-4B1C-9452-0FC82E6B4757}.Debug|Any CPU.Build.0 = Debug|Any CPU
		{FFE2C162-26A1-4B1C-9452-0FC82E6B4757}.Debug|Any CPU.Deploy.0 = Debug|Any CPU
		{FFE2C162-26A1-4B1C-9452-0FC82E6B4757}.Release|Any CPU.ActiveCfg = Release|Any CPU
		{FFE2C162-26A1-4B1C-9452-0FC82E6B4757}.Release|Any CPU.Build.0 = Release|Any CPU
		{FFE2C162-26A1-4B1C-9452-0FC82E6B4757}.Release|Any CPU.Deploy.0 = Release|Any CPU
		{2B3DECE5-DF95-4309-816E-635C41D8BFBD}.Debug|Any CPU.ActiveCfg = Debug|Any CPU
		{2B3DECE5-DF95-4309-816E-635C41D8BFBD}.Debug|Any CPU.Build.0 = Debug|Any CPU
		{2B3DECE5-DF95-4309-816E-635C41D8BFBD}.Debug|Any CPU.Deploy.0 = Debug|Any CPU
		{2B3DECE5-DF95-4309-816E-635C41D8BFBD}.Release|Any CPU.ActiveCfg = Release|Any CPU
		{2B3DECE5-DF95-4309-816E-635C41D8BFBD}.Release|Any CPU.Build.0 = Release|Any CPU
		{2B3DECE5-DF95-4309-816E-635C41D8BFBD}.Release|Any CPU.Deploy.0 = Release|Any CPU
		{235500A0-3849-43C3-B24D-616F69CA9063}.Debug|Any CPU.ActiveCfg = Debug|Any CPU
		{235500A0-3849-43C3-B24D-616F69CA9063}.Debug|Any CPU.Build.0 = Debug|Any CPU
		{235500A0-3849-43C3-B24D-616F69CA9063}.Release|Any CPU.ActiveCfg = Release|Any CPU
		{235500A0-3849-43C3-B24D-616F69CA9063}.Release|Any CPU.Build.0 = Release|Any CPU
		{B7CE64C7-310E-4B69-A964-591547C701D7}.Debug|Any CPU.ActiveCfg = Debug|Any CPU
		{B7CE64C7-310E-4B69-A964-591547C701D7}.Debug|Any CPU.Build.0 = Debug|Any CPU
		{B7CE64C7-310E-4B69-A964-591547C701D7}.Release|Any CPU.ActiveCfg = Release|Any CPU
		{B7CE64C7-310E-4B69-A964-591547C701D7}.Release|Any CPU.Build.0 = Release|Any CPU
		{C6460284-EC1E-4FB2-8686-CAEED663F7BE}.Debug|Any CPU.ActiveCfg = Debug|Any CPU
		{C6460284-EC1E-4FB2-8686-CAEED663F7BE}.Debug|Any CPU.Build.0 = Debug|Any CPU
		{C6460284-EC1E-4FB2-8686-CAEED663F7BE}.Release|Any CPU.ActiveCfg = Release|Any CPU
		{C6460284-EC1E-4FB2-8686-CAEED663F7BE}.Release|Any CPU.Build.0 = Release|Any CPU
		{3CBA76AB-C9C1-4322-A516-D33C25D34C86}.Debug|Any CPU.ActiveCfg = Debug|Any CPU
		{3CBA76AB-C9C1-4322-A516-D33C25D34C86}.Debug|Any CPU.Build.0 = Debug|Any CPU
		{3CBA76AB-C9C1-4322-A516-D33C25D34C86}.Release|Any CPU.ActiveCfg = Release|Any CPU
		{3CBA76AB-C9C1-4322-A516-D33C25D34C86}.Release|Any CPU.Build.0 = Release|Any CPU
		{AA44B039-982F-439A-A2A6-CD601D218882}.Debug|Any CPU.ActiveCfg = Debug|Any CPU
		{AA44B039-982F-439A-A2A6-CD601D218882}.Debug|Any CPU.Build.0 = Debug|Any CPU
		{AA44B039-982F-439A-A2A6-CD601D218882}.Release|Any CPU.ActiveCfg = Release|Any CPU
		{AA44B039-982F-439A-A2A6-CD601D218882}.Release|Any CPU.Build.0 = Release|Any CPU
		{1987C3D0-EC28-4C2E-9391-6377305CBD1A}.Debug|Any CPU.ActiveCfg = Debug|Any CPU
		{1987C3D0-EC28-4C2E-9391-6377305CBD1A}.Debug|Any CPU.Build.0 = Debug|Any CPU
		{1987C3D0-EC28-4C2E-9391-6377305CBD1A}.Release|Any CPU.ActiveCfg = Release|Any CPU
		{1987C3D0-EC28-4C2E-9391-6377305CBD1A}.Release|Any CPU.Build.0 = Release|Any CPU
		{CC02A15A-0C3E-4D77-923B-C4999ADA5A55}.Debug|Any CPU.ActiveCfg = Debug|Any CPU
		{CC02A15A-0C3E-4D77-923B-C4999ADA5A55}.Debug|Any CPU.Build.0 = Debug|Any CPU
		{CC02A15A-0C3E-4D77-923B-C4999ADA5A55}.Release|Any CPU.ActiveCfg = Release|Any CPU
		{CC02A15A-0C3E-4D77-923B-C4999ADA5A55}.Release|Any CPU.Build.0 = Release|Any CPU
	EndGlobalSection
	GlobalSection(SolutionProperties) = preSolution
		HideSolutionNode = FALSE
	EndGlobalSection
	GlobalSection(ExtensibilityGlobals) = postSolution
		SolutionGuid = {C5A1EF1D-C86C-4A48-8645-3DB6696D1309}
	EndGlobalSection
EndGlobal
