
Microsoft Visual Studio Solution File, Format Version 12.00
# Visual Studio 15
VisualStudioVersion = 15.0.27703.2047
MinimumVisualStudioVersion = 10.0.40219.1
Project("{FAE04EC0-301F-11D3-BF4B-00C04F79EFBC}") = "FunnyMoney.Android", "FunnyMoney\FunnyMoney.Android\FunnyMoney.Android.csproj", "{FFE2C162-26A1-4B1C-9452-0FC82E6B4757}"
EndProject
Project("{9A19103F-16F7-4668-BE54-9A1E7A4F7556}") = "FunnyMoney", "FunnyMoney\FunnyMoney\FunnyMoney.csproj", "{2B3DECE5-DF95-4309-816E-635C41D8BFBD}"
EndProject
Project("{FAE04EC0-301F-11D3-BF4B-00C04F79EFBC}") = "XMRN.Android.Common", "XMRN.Android.Common\XMRN.Android.Common.csproj", "{235500A0-3849-43C3-B24D-616F69CA9063}"
EndProject
Global
	GlobalSection(SolutionConfigurationPlatforms) = preSolution
		Debug|Any CPU = Debug|Any CPU
		Release|Any CPU = Release|Any CPU
	EndGlobalSection
	GlobalSection(ProjectConfigurationPlatforms) = postSolution
		{FFE2C162-26A1-4B1C-9452-0FC82E6B4757}.Debug|Any CPU.ActiveCfg = Debug|Any CPU
		{FFE2C162-26A1-4B1C-9452-0FC82E6B4757}.Debug|Any CPU.Build.0 = Debug|Any CPU
		{FFE2C162-26A1-4B1C-9452-0FC82E6B4757}.Debug|Any CPU.Deploy.0 = Debug|Any CPU
		{FFE2C162-26A1-4B1C-9452-0FC82E6B4757}.Release|Any CPU.ActiveCfg = Release|Any CPU
		{FFE2C162-26A1-4B1C-9452-0FC82E6B4757}.Release|Any CPU.Build.0 = Release|Any CPU
		{FFE2C162-26A1-4B1C-9452-0FC82E6B4757}.Release|Any CPU.Deploy.0 = Release|Any CPU
		{2B3DECE5-DF95-4309-816E-635C41D8BFBD}.Debug|Any CPU.ActiveCfg = Debug|Any CPU
		{2B3DECE5-DF95-4309-816E-635C41D8BFBD}.Debug|Any CPU.Build.0 = Debug|Any CPU
		{2B3DECE5-DF95-4309-816E-635C41D8BFBD}.Debug|Any CPU.Deploy.0 = Debug|Any CPU
		{2B3DECE5-DF95-4309-816E-635C41D8BFBD}.Release|Any CPU.ActiveCfg = Release|Any CPU
		{2B3DECE5-DF95-4309-816E-635C41D8BFBD}.Release|Any CPU.Build.0 = Release|Any CPU
		{2B3DECE5-DF95-4309-816E-635C41D8BFBD}.Release|Any CPU.Deploy.0 = Release|Any CPU
		{235500A0-3849-43C3-B24D-616F69CA9063}.Debug|Any CPU.ActiveCfg = Debug|Any CPU
		{235500A0-3849-43C3-B24D-616F69CA9063}.Debug|Any CPU.Build.0 = Debug|Any CPU
		{235500A0-3849-43C3-B24D-616F69CA9063}.Release|Any CPU.ActiveCfg = Release|Any CPU
		{235500A0-3849-43C3-B24D-616F69CA9063}.Release|Any CPU.Build.0 = Release|Any CPU
	EndGlobalSection
	GlobalSection(SolutionProperties) = preSolution
		HideSolutionNode = FALSE
	EndGlobalSection
	GlobalSection(ExtensibilityGlobals) = postSolution
		SolutionGuid = {C5A1EF1D-C86C-4A48-8645-3DB6696D1309}
	EndGlobalSection
EndGlobal
